
Microsoft Visual Studio Solution File, Format Version 12.00
# Visual Studio Version 17
VisualStudioVersion = 17.1.32421.90
MinimumVisualStudioVersion = 10.0.40219.1
Project("{FAE04EC0-301F-11D3-BF4B-00C04F79EFBC}") = "SuperSam.InstallerCreator", "SuperSam.InstallerCreator.csproj", "{BDBC16CF-96D6-4AF3-B535-6BCC2C22FD60}"
EndProject
Global
	GlobalSection(SolutionConfigurationPlatforms) = preSolution
		Debug|Any CPU = Debug|Any CPU
		Release|Any CPU = Release|Any CPU
	EndGlobalSection
	GlobalSection(ProjectConfigurationPlatforms) = postSolution
		{BDBC16CF-96D6-4AF3-B535-6BCC2C22FD60}.Debug|Any CPU.ActiveCfg = Debug|Any CPU
		{BDBC16CF-96D6-4AF3-B535-6BCC2C22FD60}.Debug|Any CPU.Build.0 = Debug|Any CPU
		{BDBC16CF-96D6-4AF3-B535-6BCC2C22FD60}.Release|Any CPU.ActiveCfg = Release|Any CPU
		{BDBC16CF-96D6-4AF3-B535-6BCC2C22FD60}.Release|Any CPU.Build.0 = Release|Any CPU
	EndGlobalSection
	GlobalSection(SolutionProperties) = preSolution
		HideSolutionNode = FALSE
	EndGlobalSection
	GlobalSection(ExtensibilityGlobals) = postSolution
		SolutionGuid = {B8521235-C25D-4693-805C-3C56574C5BA8}
	EndGlobalSection
EndGlobal
