
Microsoft Visual Studio Solution File, Format Version 12.00
# Visual Studio Version 16
VisualStudioVersion = 16.0.29326.143
MinimumVisualStudioVersion = 10.0.40219.1
Project("{9A19103F-16F7-4668-BE54-9A1E7A4F7556}") = "Template.Web", "Template.Web\Template.Web.csproj", "{398DE337-9336-4F99-9C2F-07B08506CAC8}"
EndProject
Project("{9A19103F-16F7-4668-BE54-9A1E7A4F7556}") = "Template.SecurityData", "Template.SecurityData\Template.SecurityData.csproj", "{F9F36A0B-A263-414C-9CC7-15CD59178246}"
EndProject
Global
	GlobalSection(SolutionConfigurationPlatforms) = preSolution
		Debug|Any CPU = Debug|Any CPU
		Release|Any CPU = Release|Any CPU
	EndGlobalSection
	GlobalSection(ProjectConfigurationPlatforms) = postSolution
		{398DE337-9336-4F99-9C2F-07B08506CAC8}.Debug|Any CPU.ActiveCfg = Debug|Any CPU
		{398DE337-9336-4F99-9C2F-07B08506CAC8}.Debug|Any CPU.Build.0 = Debug|Any CPU
		{398DE337-9336-4F99-9C2F-07B08506CAC8}.Release|Any CPU.ActiveCfg = Release|Any CPU
		{398DE337-9336-4F99-9C2F-07B08506CAC8}.Release|Any CPU.Build.0 = Release|Any CPU
		{F9F36A0B-A263-414C-9CC7-15CD59178246}.Debug|Any CPU.ActiveCfg = Debug|Any CPU
		{F9F36A0B-A263-414C-9CC7-15CD59178246}.Debug|Any CPU.Build.0 = Debug|Any CPU
		{F9F36A0B-A263-414C-9CC7-15CD59178246}.Release|Any CPU.ActiveCfg = Release|Any CPU
		{F9F36A0B-A263-414C-9CC7-15CD59178246}.Release|Any CPU.Build.0 = Release|Any CPU
	EndGlobalSection
	GlobalSection(SolutionProperties) = preSolution
		HideSolutionNode = FALSE
	EndGlobalSection
	GlobalSection(ExtensibilityGlobals) = postSolution
		SolutionGuid = {5348BADB-43A2-40A8-935E-842B83D80F51}
	EndGlobalSection
EndGlobal
